#MicroXplorer Configuration settings - do not modify
CAN1.ABOM=ENABLE
CAN1.AWUM=ENABLE
CAN1.BS1=CAN_BS1_12TQ
CAN1.BS2=CAN_BS2_3TQ
CAN1.CalculateTimeBit=2000
CAN1.CalculateTimeQuantum=125.0
CAN1.IPParameters=CalculateTimeQuantum,CalculateTimeBit,BS1,BS2,Prescaler,SJW,ABOM,AWUM
CAN1.Prescaler=10
CAN1.SJW=CAN_SJW_3TQ
CRC.CRCLength=CRC_POLYLENGTH_16B
CRC.DefaultInitValueUse=DEFAULT_INIT_VALUE_DISABLE
CRC.DefaultPolynomialUse=DEFAULT_POLYNOMIAL_DISABLE
CRC.GeneratingPolynomial=X15+X14+X10+X8+X7+X4+X3+X0
CRC.IPParameters=DefaultInitValueUse,InitValue,DefaultPolynomialUse,CRCLength,GeneratingPolynomial
CRC.InitValue=16
Dma.Request0=USART2_RX
Dma.Request1=USART2_TX
Dma.Request2=SPI1_TX
Dma.Request3=SPI1_RX
Dma.RequestsNb=4
Dma.SPI1_RX.3.Direction=DMA_PERIPH_TO_MEMORY
Dma.SPI1_RX.3.Instance=DMA1_Channel2
Dma.SPI1_RX.3.MemDataAlignment=DMA_MDATAALIGN_BYTE
Dma.SPI1_RX.3.MemInc=DMA_MINC_ENABLE
Dma.SPI1_RX.3.Mode=DMA_NORMAL
Dma.SPI1_RX.3.PeriphDataAlignment=DMA_PDATAALIGN_BYTE
Dma.SPI1_RX.3.PeriphInc=DMA_PINC_DISABLE
Dma.SPI1_RX.3.Priority=DMA_PRIORITY_VERY_HIGH
Dma.SPI1_RX.3.RequestParameters=Instance,Direction,PeriphInc,MemInc,PeriphDataAlignment,MemDataAlignment,Mode,Priority
Dma.SPI1_TX.2.Direction=DMA_MEMORY_TO_PERIPH
Dma.SPI1_TX.2.Instance=DMA1_Channel3
Dma.SPI1_TX.2.MemDataAlignment=DMA_MDATAALIGN_BYTE
Dma.SPI1_TX.2.MemInc=DMA_MINC_ENABLE
Dma.SPI1_TX.2.Mode=DMA_NORMAL
Dma.SPI1_TX.2.PeriphDataAlignment=DMA_PDATAALIGN_BYTE
Dma.SPI1_TX.2.PeriphInc=DMA_PINC_DISABLE
Dma.SPI1_TX.2.Priority=DMA_PRIORITY_HIGH
Dma.SPI1_TX.2.RequestParameters=Instance,Direction,PeriphInc,MemInc,PeriphDataAlignment,MemDataAlignment,Mode,Priority
Dma.USART2_RX.0.Direction=DMA_PERIPH_TO_MEMORY
Dma.USART2_RX.0.Instance=DMA1_Channel6
Dma.USART2_RX.0.MemDataAlignment=DMA_MDATAALIGN_BYTE
Dma.USART2_RX.0.MemInc=DMA_MINC_ENABLE
Dma.USART2_RX.0.Mode=DMA_CIRCULAR
Dma.USART2_RX.0.PeriphDataAlignment=DMA_PDATAALIGN_BYTE
Dma.USART2_RX.0.PeriphInc=DMA_PINC_DISABLE
Dma.USART2_RX.0.Priority=DMA_PRIORITY_HIGH
Dma.USART2_RX.0.RequestParameters=Instance,Direction,PeriphInc,MemInc,PeriphDataAlignment,MemDataAlignment,Mode,Priority
Dma.USART2_TX.1.Direction=DMA_MEMORY_TO_PERIPH
Dma.USART2_TX.1.Instance=DMA1_Channel7
Dma.USART2_TX.1.MemDataAlignment=DMA_MDATAALIGN_BYTE
Dma.USART2_TX.1.MemInc=DMA_MINC_ENABLE
Dma.USART2_TX.1.Mode=DMA_NORMAL
Dma.USART2_TX.1.PeriphDataAlignment=DMA_PDATAALIGN_BYTE
Dma.USART2_TX.1.PeriphInc=DMA_PINC_DISABLE
Dma.USART2_TX.1.Priority=DMA_PRIORITY_MEDIUM
Dma.USART2_TX.1.RequestParameters=Instance,Direction,PeriphInc,MemInc,PeriphDataAlignment,MemDataAlignment,Mode,Priority
FREERTOS.BinarySemaphores01=bmsTRxComplete
FREERTOS.FootprintOK=true
FREERTOS.INCLUDE_eTaskGetState=1
FREERTOS.INCLUDE_vTaskDelayUntil=1
FREERTOS.INCLUDE_xQueueGetMutexHolder=1
FREERTOS.INCLUDE_xSemaphoreGetMutexHolder=1
FREERTOS.INCLUDE_xTaskGetCurrentTaskHandle=1
FREERTOS.IPParameters=Tasks01,configTOTAL_HEAP_SIZE,FootprintOK,configUSE_TASK_NOTIFICATIONS,INCLUDE_xQueueGetMutexHolder,INCLUDE_xSemaphoreGetMutexHolder,INCLUDE_eTaskGetState,INCLUDE_xTaskGetCurrentTaskHandle,configMAX_PRIORITIES,configUSE_TIMERS,configTIMER_TASK_PRIORITY,Timers01,Queues01,configMINIMAL_STACK_SIZE,configENABLE_BACKWARD_COMPATIBILITY,configUSE_PORT_OPTIMISED_TASK_SELECTION,configUSE_TRACE_FACILITY,configCHECK_FOR_STACK_OVERFLOW,configUSE_MALLOC_FAILED_HOOK,configTIMER_QUEUE_LENGTH,configTIMER_TASK_STACK_DEPTH,INCLUDE_vTaskDelayUntil,Mutexes01,BinarySemaphores01
FREERTOS.Mutexes01=swMtx
FREERTOS.Queues01=mainCanTxQ,16,Can_frame_t,NULL;mainCanRxQ,16,Can_frame_t,NULL
FREERTOS.Tasks01=Application,0,512,doApplication,Default;Can_Processor,-1,512,doProcessCan,Default
FREERTOS.Timers01=WWDGTmr,TmrKickDog,osTimerPeriodic,Default;HBTmr,TmrSendHB,osTimerPeriodic,Default
FREERTOS.configCHECK_FOR_STACK_OVERFLOW=2
FREERTOS.configENABLE_BACKWARD_COMPATIBILITY=0
FREERTOS.configMAX_PRIORITIES=6
FREERTOS.configMINIMAL_STACK_SIZE=256
FREERTOS.configTIMER_QUEUE_LENGTH=8
FREERTOS.configTIMER_TASK_PRIORITY=5
FREERTOS.configTIMER_TASK_STACK_DEPTH=512
FREERTOS.configTOTAL_HEAP_SIZE=32786
FREERTOS.configUSE_MALLOC_FAILED_HOOK=1
FREERTOS.configUSE_PORT_OPTIMISED_TASK_SELECTION=1
FREERTOS.configUSE_TASK_NOTIFICATIONS=0
FREERTOS.configUSE_TIMERS=1
FREERTOS.configUSE_TRACE_FACILITY=0
File.Version=6
KeepUserPlacement=true
Mcu.Family=STM32L4
Mcu.IP0=CAN1
Mcu.IP1=CRC
Mcu.IP2=DMA
Mcu.IP3=FREERTOS
Mcu.IP4=NVIC
Mcu.IP5=RCC
Mcu.IP6=SPI1
Mcu.IP7=SYS
Mcu.IP8=USART2
Mcu.IP9=WWDG
Mcu.IPNb=10
Mcu.Name=STM32L432K(B-C)Ux
Mcu.Package=UFQFPN32
Mcu.Pin0=PA2
Mcu.Pin1=PA5
Mcu.Pin10=VP_CRC_VS_CRC
Mcu.Pin11=VP_FREERTOS_VS_ENABLE
Mcu.Pin12=VP_SYS_VS_tim6
Mcu.Pin13=VP_WWDG_VS_WWDG
Mcu.Pin2=PA6
Mcu.Pin3=PA7
Mcu.Pin4=PB1
Mcu.Pin5=PA11
Mcu.Pin6=PA12
Mcu.Pin7=PA13 (JTMS-SWDIO)
Mcu.Pin8=PA14 (JTCK-SWCLK)
Mcu.Pin9=PA15 (JTDI)
Mcu.PinsNb=14
Mcu.UserConstants=
Mcu.UserName=STM32L432KCUx
MxCube.Version=4.18.0
MxDb.Version=DB.4.0.180
NVIC.BusFault_IRQn=true\:0\:0\:false\:false\:false\:false
NVIC.CAN1_RX0_IRQn=true\:5\:0\:true\:false\:true\:true
NVIC.CAN1_RX1_IRQn=true\:5\:0\:true\:false\:true\:true
NVIC.CAN1_SCE_IRQn=true\:5\:0\:true\:false\:true\:true
NVIC.CAN1_TX_IRQn=true\:5\:0\:true\:false\:true\:true
NVIC.DMA1_Channel2_IRQn=true\:5\:0\:false\:false\:true\:true
NVIC.DMA1_Channel3_IRQn=true\:5\:0\:false\:false\:true\:true
NVIC.DMA1_Channel6_IRQn=true\:5\:0\:false\:false\:true\:true
NVIC.DMA1_Channel7_IRQn=true\:5\:0\:false\:false\:true\:true
NVIC.DebugMonitor_IRQn=true\:0\:0\:false\:false\:false\:false
NVIC.HardFault_IRQn=true\:0\:0\:false\:false\:false\:false
NVIC.MemoryManagement_IRQn=true\:0\:0\:false\:false\:false\:false
NVIC.NonMaskableInt_IRQn=true\:0\:0\:false\:false\:false\:false
NVIC.PendSV_IRQn=true\:15\:0\:false\:false\:false\:true
NVIC.PriorityGroup=NVIC_PRIORITYGROUP_4
NVIC.SPI1_IRQn=true\:5\:0\:false\:false\:true\:true
NVIC.SVCall_IRQn=true\:0\:0\:false\:false\:false\:false
NVIC.SysTick_IRQn=true\:15\:0\:true\:false\:true\:true
NVIC.TIM6_DAC_IRQn=true\:0\:0\:false\:false\:true\:false
NVIC.TimeBase=TIM6_DAC_IRQn
NVIC.TimeBaseIP=TIM6
NVIC.USART2_IRQn=true\:5\:0\:false\:false\:true\:true
NVIC.UsageFault_IRQn=true\:0\:0\:false\:false\:false\:false
PA11.Mode=Master
PA11.Signal=CAN1_RX
PA12.Mode=Master
PA12.Signal=CAN1_TX
PA13\ (JTMS-SWDIO).Locked=true
PA13\ (JTMS-SWDIO).Mode=Serial_Wire
PA13\ (JTMS-SWDIO).Signal=SYS_JTMS-SWDIO
PA14\ (JTCK-SWCLK).Locked=true
PA14\ (JTCK-SWCLK).Mode=Serial_Wire
PA14\ (JTCK-SWCLK).Signal=SYS_JTCK-SWCLK
PA15\ (JTDI).GPIOParameters=GPIO_Label
PA15\ (JTDI).GPIO_Label=VCP_RX
PA15\ (JTDI).Locked=true
PA15\ (JTDI).Mode=Asynchronous
PA15\ (JTDI).Signal=USART2_RX
PA2.GPIOParameters=GPIO_Label
PA2.GPIO_Label=VCP_TX
PA2.Locked=true
PA2.Mode=Asynchronous
PA2.Signal=USART2_TX
PA5.Locked=true
PA5.Mode=Full_Duplex_Master
PA5.Signal=SPI1_SCK
PA6.Mode=Full_Duplex_Master
PA6.Signal=SPI1_MISO
PA7.Mode=Full_Duplex_Master
PA7.Signal=SPI1_MOSI
PB1.GPIOParameters=PinState,GPIO_PuPd,GPIO_Label,GPIO_ModeDefaultOutputPP
PB1.GPIO_Label=BMS_CS
PB1.GPIO_ModeDefaultOutputPP=GPIO_MODE_OUTPUT_OD
PB1.GPIO_PuPd=GPIO_PULLUP
PB1.Locked=true
PB1.PinState=GPIO_PIN_SET
PB1.Signal=GPIO_Output
PCC.Checker=true
PCC.Line=STM32L4x2
PCC.MCU=STM32L432K(B-C)Ux
PCC.MXVersion=4.18.0
PCC.PartNumber=STM32L432KCUx
PCC.Seq0=0
PCC.Series=STM32L4
PCC.Temperature=25
PCC.Vdd=null
ProjectManager.AskForMigrate=true
ProjectManager.BackupPrevious=true
ProjectManager.CompilerOptimize=2
ProjectManager.ComputerToolchain=false
ProjectManager.CoupleFile=false
ProjectManager.CustomerFirmwarePackage=
ProjectManager.DefaultFWLocation=true
ProjectManager.DeletePrevious=true
ProjectManager.DeviceId=STM32L432KCUx
ProjectManager.FirmwarePackage=STM32Cube FW_L4 V1.6.0
ProjectManager.FreePins=false
ProjectManager.HalAssertFull=false
ProjectManager.HeapSize=0x200
ProjectManager.KeepUserCode=true
ProjectManager.LastFirmware=true
ProjectManager.LibraryCopy=1
ProjectManager.PreviousToolchain=SW4STM32
ProjectManager.ProjectBuild=false
ProjectManager.ProjectFileName=LTC6804_lib.ioc
ProjectManager.ProjectName=LTC6804_lib
ProjectManager.StackSize=0x400
ProjectManager.TargetToolchain=SW4STM32
ProjectManager.ToolChainLocation=/Users/frank/Desktop/Gen9_Git/LTC6804_lib
ProjectManager.UnderRoot=true
ProjectManager.functionlistsort=1-MX_GPIO_Init-GPIO-false-HAL,2-MX_DMA_Init-DMA-false-LL,3-SystemClock_Config-RCC-false-HAL,4-MX_CAN1_Init-CAN1-false-HAL,5-MX_USART2_UART_Init-USART2-false-HAL,6-MX_WWDG_Init-WWDG-false-HAL,7-MX_SPI1_Init-SPI1-false-HAL,8-MX_CRC_Init-CRC-false-HAL
RCC.48CLKFreq_Value=24000000
RCC.ADCCLockSelection=RCC_ADCCLKSOURCE_SYSCLK
RCC.ADCFreq_Value=80000000
RCC.AHBFreq_Value=80000000
RCC.APB1Freq_Value=80000000
RCC.APB1TimFreq_Value=80000000
RCC.APB2Freq_Value=80000000
RCC.APB2TimFreq_Value=80000000
RCC.CortexFreq_Value=80000000
RCC.FCLKCortexFreq_Value=80000000
RCC.FamilyName=M
RCC.HCLKFreq_Value=80000000
RCC.HSE_VALUE=8000000
RCC.HSI16_VALUE=16000000
RCC.HSI48_VALUE=48000000
RCC.HSI_VALUE=16000000
RCC.I2C1Freq_Value=80000000
RCC.I2C2Freq_Value=16000000
RCC.I2C3Freq_Value=80000000
RCC.IPParameters=48CLKFreq_Value,ADCCLockSelection,ADCFreq_Value,AHBFreq_Value,APB1Freq_Value,APB1TimFreq_Value,APB2Freq_Value,APB2TimFreq_Value,CortexFreq_Value,FCLKCortexFreq_Value,FamilyName,HCLKFreq_Value,HSE_VALUE,HSI16_VALUE,HSI48_VALUE,HSI_VALUE,I2C1Freq_Value,I2C2Freq_Value,I2C3Freq_Value,LCDFreq_Value,LPTIM1Freq_Value,LPTIM2Freq_Value,LPTIMFreq_Value,LPUART1Freq_Value,LPUARTFreq_Value,LSCOPinFreq_Value,LSE_VALUE,LSI_VALUE,MCO1PinFreq_Value,MCOPinFreq_Value,MSI_VALUE,PLLCLKFreq_Value,PLLMUL,PLLN,PLLPoutputFreq_Value,PLLQoutputFreq_Value,PLLRCLKFreq_Value,PLLSAI1N,PLLSAI1PoutputFreq_Value,PLLSAI1QoutputFreq_Value,PLLSAI1RoutputFreq_Value,PREFETCH_ENABLE,PWRFreq_Value,RNGFreq_Value,RTCFreq_Value,RTCHSEDivFreq_Value,SAI1Freq_Value,SWPMI1Freq_Value,SYSCLKFreq_VALUE,SYSCLKSource,TIMFreq_Value,TimerFreq_Value,USART1Freq_Value,USART2Freq_Value,USART3Freq_Value,USBFreq_Value,VCOInputFreq_Value,VCOOutputFreq_Value,VCOSAI1OutputFreq_Value,WatchDogFreq_Value
RCC.LCDFreq_Value=37000
RCC.LPTIM1Freq_Value=80000000
RCC.LPTIM2Freq_Value=80000000
RCC.LPTIMFreq_Value=32000000
RCC.LPUART1Freq_Value=80000000
RCC.LPUARTFreq_Value=32000000
RCC.LSCOPinFreq_Value=32000
RCC.LSE_VALUE=32768
RCC.LSI_VALUE=32000
RCC.MCO1PinFreq_Value=80000000
RCC.MCOPinFreq_Value=32000000
RCC.MSI_VALUE=4000000
RCC.PLLCLKFreq_Value=32000000
RCC.PLLMUL=RCC_PLLMUL_4
RCC.PLLN=40
RCC.PLLPoutputFreq_Value=22857142.85714286
RCC.PLLQoutputFreq_Value=80000000
RCC.PLLRCLKFreq_Value=80000000
RCC.PLLSAI1N=40
RCC.PLLSAI1PoutputFreq_Value=22857142.85714286
RCC.PLLSAI1QoutputFreq_Value=80000000
RCC.PLLSAI1RoutputFreq_Value=80000000
RCC.PREFETCH_ENABLE=1
RCC.PWRFreq_Value=80000000
RCC.RNGFreq_Value=80000000
RCC.RTCFreq_Value=32000
RCC.RTCHSEDivFreq_Value=4000000
RCC.SAI1Freq_Value=22857142.85714286
RCC.SWPMI1Freq_Value=80000000
RCC.SYSCLKFreq_VALUE=80000000
RCC.SYSCLKSource=RCC_SYSCLKSOURCE_PLLCLK
RCC.TIMFreq_Value=32000000
RCC.TimerFreq_Value=32000000
RCC.USART1Freq_Value=80000000
RCC.USART2Freq_Value=80000000
RCC.USART3Freq_Value=16000000
RCC.USBFreq_Value=80000000
RCC.VCOInputFreq_Value=4000000
RCC.VCOOutputFreq_Value=160000000
RCC.VCOSAI1OutputFreq_Value=160000000
RCC.WatchDogFreq_Value=32000
SPI1.BaudRatePrescaler=SPI_BAUDRATEPRESCALER_128
SPI1.CLKPhase=SPI_PHASE_2EDGE
SPI1.CLKPolarity=SPI_POLARITY_HIGH
SPI1.CalculateBaudRate=625.0 KBits/s
SPI1.DataSize=SPI_DATASIZE_8BIT
SPI1.IPParameters=Mode,CalculateBaudRate,DataSize,BaudRatePrescaler,CLKPolarity,CLKPhase
SPI1.Mode=SPI_MODE_MASTER
USART2.BaudRate=230400
USART2.IPParameters=WordLength,BaudRate
USART2.WordLength=UART_WORDLENGTH_8B
VP_CRC_VS_CRC.Mode=CRC_Activate
VP_CRC_VS_CRC.Signal=CRC_VS_CRC
VP_FREERTOS_VS_ENABLE.Mode=Enabled
VP_FREERTOS_VS_ENABLE.Signal=FREERTOS_VS_ENABLE
VP_SYS_VS_tim6.Mode=TIM6
VP_SYS_VS_tim6.Signal=SYS_VS_tim6
VP_WWDG_VS_WWDG.Mode=WWDG_Activate
VP_WWDG_VS_WWDG.Signal=WWDG_VS_WWDG
WWDG.Counter=127
WWDG.IPParameters=Prescaler,Window,Counter
WWDG.Prescaler=WWDG_PRESCALER_8
WWDG.Window=127
board=NUCLEO-L432KC
boardIOC=true
